
Microsoft Visual Studio Solution File, Format Version 12.00
# Visual Studio Version 17
VisualStudioVersion = 17.13.36105.23
MinimumVisualStudioVersion = 10.0.40219.1
Project("{FAE04EC0-301F-11D3-BF4B-00C04F79EFBC}") = "GW.TTLtoolsBox.WinFormUi", "GW.TTLtoolsBox.WinFormUi\GW.TTLtoolsBox.WinFormUi.csproj", "{49D438B1-721B-4BF2-BEF3-26ED0A354E9A}"
EndProject
Project("{FAE04EC0-301F-11D3-BF4B-00C04F79EFBC}") = "GW.TTLtoolsBox.Core", "GW.TTLtoolsBox.Core\GW.TTLtoolsBox.Core.csproj", "{FD27672D-C619-4599-BD86-7C08332594F1}"
EndProject
Global
	GlobalSection(SolutionConfigurationPlatforms) = preSolution
		Debug|Any CPU = Debug|Any CPU
		Release|Any CPU = Release|Any CPU
	EndGlobalSection
	GlobalSection(ProjectConfigurationPlatforms) = postSolution
		{49D438B1-721B-4BF2-BEF3-26ED0A354E9A}.Debug|Any CPU.ActiveCfg = Debug|Any CPU
		{49D438B1-721B-4BF2-BEF3-26ED0A354E9A}.Debug|Any CPU.Build.0 = Debug|Any CPU
		{49D438B1-721B-4BF2-BEF3-26ED0A354E9A}.Release|Any CPU.ActiveCfg = Release|Any CPU
		{49D438B1-721B-4BF2-BEF3-26ED0A354E9A}.Release|Any CPU.Build.0 = Release|Any CPU
		{FD27672D-C619-4599-BD86-7C08332594F1}.Debug|Any CPU.ActiveCfg = Debug|Any CPU
		{FD27672D-C619-4599-BD86-7C08332594F1}.Debug|Any CPU.Build.0 = Debug|Any CPU
		{FD27672D-C619-4599-BD86-7C08332594F1}.Release|Any CPU.ActiveCfg = Release|Any CPU
		{FD27672D-C619-4599-BD86-7C08332594F1}.Release|Any CPU.Build.0 = Release|Any CPU
	EndGlobalSection
	GlobalSection(SolutionProperties) = preSolution
		HideSolutionNode = FALSE
	EndGlobalSection
	GlobalSection(ExtensibilityGlobals) = postSolution
		SolutionGuid = {CD6D911A-A6CD-4042-B0F8-D0B950C8A32C}
	EndGlobalSection
EndGlobal
